<?xml version="1.0" encoding="utf-8"?>
<Project ToolsVersion="15.0" xmlns="http://schemas.microsoft.com/developer/msbuild/2003">
  <ItemGroup>
    <ClCompile Include="C:\Users\Now2_210_04\Desktop\새 폴더 (2)\SoftRendererEngine\Source\Runtime\Math\Precompiled.cpp" />
    <ClCompile Include="C:\Users\Now2_210_04\Desktop\새 폴더 (2)\SoftRendererEngine\Source\Runtime\Math\Private\Color32.cpp">
      <Filter>Private</Filter>
    </ClCompile>
    <ClCompile Include="C:\Users\Now2_210_04\Desktop\새 폴더 (2)\SoftRendererEngine\Source\Runtime\Math\Private\LinearColor.cpp">
      <Filter>Private</Filter>
    </ClCompile>
    <ClCompile Include="C:\Users\Now2_210_04\Desktop\새 폴더 (2)\SoftRendererEngine\Source\Runtime\Math\Private\Math.cpp">
      <Filter>Private</Filter>
    </ClCompile>
    <ClCompile Include="C:\Users\Now2_210_04\Desktop\새 폴더 (2)\SoftRendererEngine\Source\Runtime\Math\Private\Matrix2x2.cpp">
      <Filter>Private</Filter>
    </ClCompile>
    <ClCompile Include="C:\Users\Now2_210_04\Desktop\새 폴더 (2)\SoftRendererEngine\Source\Runtime\Math\Private\Matrix3x3.cpp">
      <Filter>Private</Filter>
    </ClCompile>
    <ClCompile Include="C:\Users\Now2_210_04\Desktop\새 폴더 (2)\SoftRendererEngine\Source\Runtime\Math\Private\Vector2.cpp">
      <Filter>Private</Filter>
    </ClCompile>
    <ClCompile Include="C:\Users\Now2_210_04\Desktop\새 폴더 (2)\SoftRendererEngine\Source\Runtime\Math\Private\Vector3.cpp">
      <Filter>Private</Filter>
    </ClCompile>
  </ItemGroup>
  <ItemGroup>
    <ClInclude Include="C:\Users\Now2_210_04\Desktop\새 폴더 (2)\SoftRendererEngine\Source\Runtime\Math\Precompiled.h" />
    <ClInclude Include="C:\Users\Now2_210_04\Desktop\새 폴더 (2)\SoftRendererEngine\Source\Runtime\Math\Public\Color32.h">
      <Filter>Public</Filter>
    </ClInclude>
    <ClInclude Include="C:\Users\Now2_210_04\Desktop\새 폴더 (2)\SoftRendererEngine\Source\Runtime\Math\Public\CoreDefinition.h">
      <Filter>Public</Filter>
    </ClInclude>
    <ClInclude Include="C:\Users\Now2_210_04\Desktop\새 폴더 (2)\SoftRendererEngine\Source\Runtime\Math\Public\LinearColor.h">
      <Filter>Public</Filter>
    </ClInclude>
    <ClInclude Include="C:\Users\Now2_210_04\Desktop\새 폴더 (2)\SoftRendererEngine\Source\Runtime\Math\Public\MathHeaders.h">
      <Filter>Public</Filter>
    </ClInclude>
    <ClInclude Include="C:\Users\Now2_210_04\Desktop\새 폴더 (2)\SoftRendererEngine\Source\Runtime\Math\Public\MathUtil.h">
      <Filter>Public</Filter>
    </ClInclude>
    <ClInclude Include="C:\Users\Now2_210_04\Desktop\새 폴더 (2)\SoftRendererEngine\Source\Runtime\Math\Public\Matrix2x2.h">
      <Filter>Public</Filter>
    </ClInclude>
    <ClInclude Include="C:\Users\Now2_210_04\Desktop\새 폴더 (2)\SoftRendererEngine\Source\Runtime\Math\Public\Matrix3x3.h">
      <Filter>Public</Filter>
    </ClInclude>
    <ClInclude Include="C:\Users\Now2_210_04\Desktop\새 폴더 (2)\SoftRendererEngine\Source\Runtime\Math\Public\Vector2.h">
      <Filter>Public</Filter>
    </ClInclude>
    <ClInclude Include="C:\Users\Now2_210_04\Desktop\새 폴더 (2)\SoftRendererEngine\Source\Runtime\Math\Public\Vector3.h">
      <Filter>Public</Filter>
    </ClInclude>
  </ItemGroup>
  <ItemGroup>
    <Filter Include="Private">
      <UniqueIdentifier>{331889F5-8C2A-3426-A2F6-D7230665A199}</UniqueIdentifier>
    </Filter>
    <Filter Include="Public">
      <UniqueIdentifier>{FFFDD557-565A-3916-8765-B36C969351AF}</UniqueIdentifier>
    </Filter>
  </ItemGroup>
</Project>
