Microsoft Visual Studio Solution File, Format Version 12.00
# Visual Studio 15
Project("{8BC9CEB8-8B4A-11D0-8D11-00A0C91BC942}") = "ALL_BUILD", "ALL_BUILD.vcxproj", "{9EB69C84-593B-3940-A76C-07C63FDDA27A}"
	ProjectSection(ProjectDependencies) = postProject
		{33827A0C-4B6C-37D5-98AB-DCBBF19F565B} = {33827A0C-4B6C-37D5-98AB-DCBBF19F565B}
	EndProjectSection
EndProject
Project("{8BC9CEB8-8B4A-11D0-8D11-00A0C91BC942}") = "MathModule", "..\Math\MathModule.vcxproj", "{6A7492DA-4B9B-3D8E-8B1F-7D1E2EAA81B0}"
	ProjectSection(ProjectDependencies) = postProject
	EndProjectSection
EndProject
Project("{8BC9CEB8-8B4A-11D0-8D11-00A0C91BC942}") = "RendererModule", "RendererModule.vcxproj", "{33827A0C-4B6C-37D5-98AB-DCBBF19F565B}"
	ProjectSection(ProjectDependencies) = postProject
		{6A7492DA-4B9B-3D8E-8B1F-7D1E2EAA81B0} = {6A7492DA-4B9B-3D8E-8B1F-7D1E2EAA81B0}
	EndProjectSection
EndProject
Global
	GlobalSection(SolutionConfigurationPlatforms) = preSolution
		Debug|x64 = Debug|x64
		Release|x64 = Release|x64
	EndGlobalSection
	GlobalSection(ProjectConfigurationPlatforms) = postSolution
		{9EB69C84-593B-3940-A76C-07C63FDDA27A}.Debug|x64.ActiveCfg = Debug|x64
		{9EB69C84-593B-3940-A76C-07C63FDDA27A}.Release|x64.ActiveCfg = Release|x64
		{6A7492DA-4B9B-3D8E-8B1F-7D1E2EAA81B0}.Debug|x64.ActiveCfg = Debug|x64
		{6A7492DA-4B9B-3D8E-8B1F-7D1E2EAA81B0}.Debug|x64.Build.0 = Debug|x64
		{6A7492DA-4B9B-3D8E-8B1F-7D1E2EAA81B0}.Release|x64.ActiveCfg = Release|x64
		{6A7492DA-4B9B-3D8E-8B1F-7D1E2EAA81B0}.Release|x64.Build.0 = Release|x64
		{33827A0C-4B6C-37D5-98AB-DCBBF19F565B}.Debug|x64.ActiveCfg = Debug|x64
		{33827A0C-4B6C-37D5-98AB-DCBBF19F565B}.Debug|x64.Build.0 = Debug|x64
		{33827A0C-4B6C-37D5-98AB-DCBBF19F565B}.Release|x64.ActiveCfg = Release|x64
		{33827A0C-4B6C-37D5-98AB-DCBBF19F565B}.Release|x64.Build.0 = Release|x64
	EndGlobalSection
	GlobalSection(ExtensibilityGlobals) = postSolution
		SolutionGuid = {1205F77B-DBBB-31D6-8639-160EB1D91C84}
	EndGlobalSection
	GlobalSection(ExtensibilityAddIns) = postSolution
	EndGlobalSection
EndGlobal
