<?xml version="1.0" encoding="utf-8"?>
<Project ToolsVersion="15.0" xmlns="http://schemas.microsoft.com/developer/msbuild/2003">
  <ItemGroup>
    <ClCompile Include="C:\Users\Now2_210_04\Desktop\새 폴더 (2)\SoftRendererEngine\Source\Runtime\Renderer\Precompiled.cpp" />
    <ClCompile Include="C:\Users\Now2_210_04\Desktop\새 폴더 (2)\SoftRendererEngine\Source\Runtime\Renderer\Private\TriangleRasterizer.cpp">
      <Filter>Private</Filter>
    </ClCompile>
    <ClCompile Include="C:\Users\Now2_210_04\Desktop\새 폴더 (2)\SoftRendererEngine\Source\Runtime\Renderer\Private\WindowsGDI.cpp">
      <Filter>Private</Filter>
    </ClCompile>
    <ClCompile Include="C:\Users\Now2_210_04\Desktop\새 폴더 (2)\SoftRendererEngine\Source\Runtime\Renderer\Private\WindowsRSI.cpp">
      <Filter>Private</Filter>
    </ClCompile>
  </ItemGroup>
  <ItemGroup>
    <ClInclude Include="C:\Users\Now2_210_04\Desktop\새 폴더 (2)\SoftRendererEngine\Source\Runtime\Renderer\Precompiled.h" />
    <ClInclude Include="C:\Users\Now2_210_04\Desktop\새 폴더 (2)\SoftRendererEngine\Source\Runtime\Renderer\Public\DisplaySetting.h">
      <Filter>Public</Filter>
    </ClInclude>
    <ClInclude Include="C:\Users\Now2_210_04\Desktop\새 폴더 (2)\SoftRendererEngine\Source\Runtime\Renderer\Public\RenderingSoftwareInterface.h">
      <Filter>Public</Filter>
    </ClInclude>
    <ClInclude Include="C:\Users\Now2_210_04\Desktop\새 폴더 (2)\SoftRendererEngine\Source\Runtime\Renderer\Public\ScreenPoint.h">
      <Filter>Public</Filter>
    </ClInclude>
    <ClInclude Include="C:\Users\Now2_210_04\Desktop\새 폴더 (2)\SoftRendererEngine\Source\Runtime\Renderer\Public\TriangleRasterizer.h">
      <Filter>Public</Filter>
    </ClInclude>
    <ClInclude Include="C:\Users\Now2_210_04\Desktop\새 폴더 (2)\SoftRendererEngine\Source\Runtime\Renderer\Public\WindowsGDI.h">
      <Filter>Public</Filter>
    </ClInclude>
    <ClInclude Include="C:\Users\Now2_210_04\Desktop\새 폴더 (2)\SoftRendererEngine\Source\Runtime\Renderer\Public\WindowsRSI.h">
      <Filter>Public</Filter>
    </ClInclude>
  </ItemGroup>
  <ItemGroup>
    <Filter Include="Private">
      <UniqueIdentifier>{331889F5-8C2A-3426-A2F6-D7230665A199}</UniqueIdentifier>
    </Filter>
    <Filter Include="Public">
      <UniqueIdentifier>{FFFDD557-565A-3916-8765-B36C969351AF}</UniqueIdentifier>
    </Filter>
  </ItemGroup>
</Project>
